// !$*UTF8*$!
{
	archiveVersion = 1;
	classes = {
	};
	objectVersion = 48;
	objects = {

/* Begin PBXBuildFile section */
		554174CC2010AA670036F95B /* AppDelegate.m in Sources */ = {isa = PBXBuildFile; fileRef = 554174CB2010AA670036F95B /* AppDelegate.m */; };
		554174CF2010AA670036F95B /* ViewController.m in Sources */ = {isa = PBXBuildFile; fileRef = 554174CE2010AA670036F95B /* ViewController.m */; };
		554174D22010AA670036F95B /* Main.storyboard in Resources */ = {isa = PBXBuildFile; fileRef = 554174D02010AA670036F95B /* Main.storyboard */; };
		554174D42010AA670036F95B /* Assets.xcassets in Resources */ = {isa = PBXBuildFile; fileRef = 554174D32010AA670036F95B /* Assets.xcassets */; };
		554174D72010AA670036F95B /* LaunchScreen.storyboard in Resources */ = {isa = PBXBuildFile; fileRef = 554174D52010AA670036F95B /* LaunchScreen.storyboard */; };
		554174DA2010AA670036F95B /* main.m in Sources */ = {isa = PBXBuildFile; fileRef = 554174D92010AA670036F95B /* main.m */; };
		554174E52010AAEB0036F95B /* VSReactNativeManager.m in Sources */ = {isa = PBXBuildFile; fileRef = 554174E12010AAEA0036F95B /* VSReactNativeManager.m */; };
		554174E62010AAEB0036F95B /* VSReactNativeRootViewController.m in Sources */ = {isa = PBXBuildFile; fileRef = 554174E42010AAEB0036F95B /* VSReactNativeRootViewController.m */; };
		55F339C62011E53D0054D8BA /* split in Resources */ = {isa = PBXBuildFile; fileRef = 55F339C42011E53D0054D8BA /* split */; };
		DBE4608C3BD5A62DB8EF1686 /* libPods-splitRndemo.a in Frameworks */ = {isa = PBXBuildFile; fileRef = E36342AE75E6C8B43F86B5D8 /* libPods-splitRndemo.a */; };
/* End PBXBuildFile section */

/* Begin PBXFileReference section */
		28706512EBAA37D3E333BE50 /* Pods-splitRndemo.debug.xcconfig */ = {isa = PBXFileReference; includeInIndex = 1; lastKnownFileType = text.xcconfig; name = "Pods-splitRndemo.debug.xcconfig"; path = "Pods/Target Support Files/Pods-splitRndemo/Pods-splitRndemo.debug.xcconfig"; sourceTree = "<group>"; };
		554174C72010AA670036F95B /* splitRndemo.app */ = {isa = PBXFileReference; explicitFileType = wrapper.application; includeInIndex = 0; path = splitRndemo.app; sourceTree = BUILT_PRODUCTS_DIR; };
		554174CA2010AA670036F95B /* AppDelegate.h */ = {isa = PBXFileReference; lastKnownFileType = sourcecode.c.h; path = AppDelegate.h; sourceTree = "<group>"; };
		554174CB2010AA670036F95B /* AppDelegate.m */ = {isa = PBXFileReference; lastKnownFileType = sourcecode.c.objc; path = AppDelegate.m; sourceTree = "<group>"; };
		554174CD2010AA670036F95B /* ViewController.h */ = {isa = PBXFileReference; lastKnownFileType = sourcecode.c.h; path = ViewController.h; sourceTree = "<group>"; };
		554174CE2010AA670036F95B /* ViewController.m */ = {isa = PBXFileReference; lastKnownFileType = sourcecode.c.objc; path = ViewController.m; sourceTree = "<group>"; };
		554174D12010AA670036F95B /* Base */ = {isa = PBXFileReference; lastKnownFileType = file.storyboard; name = Base; path = Base.lproj/Main.storyboard; sourceTree = "<group>"; };
		554174D32010AA670036F95B /* Assets.xcassets */ = {isa = PBXFileReference; lastKnownFileType = folder.assetcatalog; path = Assets.xcassets; sourceTree = "<group>"; };
		554174D62010AA670036F95B /* Base */ = {isa = PBXFileReference; lastKnownFileType = file.storyboard; name = Base; path = Base.lproj/LaunchScreen.storyboard; sourceTree = "<group>"; };
		554174D82010AA670036F95B /* Info.plist */ = {isa = PBXFileReference; lastKnownFileType = text.plist.xml; path = Info.plist; sourceTree = "<group>"; };
		554174D92010AA670036F95B /* main.m */ = {isa = PBXFileReference; lastKnownFileType = sourcecode.c.objc; path = main.m; sourceTree = "<group>"; };
		554174E02010AAEA0036F95B /* VSReactNativeManager.h */ = {isa = PBXFileReference; fileEncoding = 4; lastKnownFileType = sourcecode.c.h; path = VSReactNativeManager.h; sourceTree = "<group>"; };
		554174E12010AAEA0036F95B /* VSReactNativeManager.m */ = {isa = PBXFileReference; fileEncoding = 4; lastKnownFileType = sourcecode.c.objc; path = VSReactNativeManager.m; sourceTree = "<group>"; };
		554174E22010AAEB0036F95B /* VSReactNativeRootViewController.h */ = {isa = PBXFileReference; fileEncoding = 4; lastKnownFileType = sourcecode.c.h; path = VSReactNativeRootViewController.h; sourceTree = "<group>"; };
		554174E32010AAEB0036F95B /* RCTCxxBridge.h */ = {isa = PBXFileReference; fileEncoding = 4; lastKnownFileType = sourcecode.c.h; path = RCTCxxBridge.h; sourceTree = "<group>"; };
		554174E42010AAEB0036F95B /* VSReactNativeRootViewController.m */ = {isa = PBXFileReference; fileEncoding = 4; lastKnownFileType = sourcecode.c.objc; path = VSReactNativeRootViewController.m; sourceTree = "<group>"; };
		55F339C42011E53D0054D8BA /* split */ = {isa = PBXFileReference; lastKnownFileType = folder; path = split; sourceTree = "<group>"; };
		D0260D2DBCAD14B388CF8CF4 /* Pods-splitRndemo.release.xcconfig */ = {isa = PBXFileReference; includeInIndex = 1; lastKnownFileType = text.xcconfig; name = "Pods-splitRndemo.release.xcconfig"; path = "Pods/Target Support Files/Pods-splitRndemo/Pods-splitRndemo.release.xcconfig"; sourceTree = "<group>"; };
		E36342AE75E6C8B43F86B5D8 /* libPods-splitRndemo.a */ = {isa = PBXFileReference; explicitFileType = archive.ar; includeInIndex = 0; path = "libPods-splitRndemo.a"; sourceTree = BUILT_PRODUCTS_DIR; };
/* End PBXFileReference section */

/* Begin PBXFrameworksBuildPhase section */
		554174C42010AA670036F95B /* Frameworks */ = {
			isa = PBXFrameworksBuildPhase;
			buildActionMask = 2147483647;
			files = (
				DBE4608C3BD5A62DB8EF1686 /* libPods-splitRndemo.a in Frameworks */,
			);
			runOnlyForDeploymentPostprocessing = 0;
		};
/* End PBXFrameworksBuildPhase section */

/* Begin PBXGroup section */
		51138B465AE8BAC63B5C4459 /* Pods */ = {
			isa = PBXGroup;
			children = (
				28706512EBAA37D3E333BE50 /* Pods-splitRndemo.debug.xcconfig */,
				D0260D2DBCAD14B388CF8CF4 /* Pods-splitRndemo.release.xcconfig */,
			);
			name = Pods;
			sourceTree = "<group>";
		};
		554174BE2010AA670036F95B = {
			isa = PBXGroup;
			children = (
				554174C92010AA670036F95B /* splitRndemo */,
				554174C82010AA670036F95B /* Products */,
				51138B465AE8BAC63B5C4459 /* Pods */,
				CB19015341CFBA313A342A1B /* Frameworks */,
			);
			sourceTree = "<group>";
		};
		554174C82010AA670036F95B /* Products */ = {
			isa = PBXGroup;
			children = (
				554174C72010AA670036F95B /* splitRndemo.app */,
			);
			name = Products;
			sourceTree = "<group>";
		};
		554174C92010AA670036F95B /* splitRndemo */ = {
			isa = PBXGroup;
			children = (
				55F339C42011E53D0054D8BA /* split */,
				554174E32010AAEB0036F95B /* RCTCxxBridge.h */,
				554174E02010AAEA0036F95B /* VSReactNativeManager.h */,
				554174E12010AAEA0036F95B /* VSReactNativeManager.m */,
				554174E22010AAEB0036F95B /* VSReactNativeRootViewController.h */,
				554174E42010AAEB0036F95B /* VSReactNativeRootViewController.m */,
				554174CA2010AA670036F95B /* AppDelegate.h */,
				554174CB2010AA670036F95B /* AppDelegate.m */,
				554174CD2010AA670036F95B /* ViewController.h */,
				554174CE2010AA670036F95B /* ViewController.m */,
				554174D02010AA670036F95B /* Main.storyboard */,
				554174D32010AA670036F95B /* Assets.xcassets */,
				554174D52010AA670036F95B /* LaunchScreen.storyboard */,
				554174D82010AA670036F95B /* Info.plist */,
				554174D92010AA670036F95B /* main.m */,
			);
			path = splitRndemo;
			sourceTree = "<group>";
		};
		CB19015341CFBA313A342A1B /* Frameworks */ = {
			isa = PBXGroup;
			children = (
				E36342AE75E6C8B43F86B5D8 /* libPods-splitRndemo.a */,
			);
			name = Frameworks;
			sourceTree = "<group>";
		};
/* End PBXGroup section */

/* Begin PBXNativeTarget section */
		554174C62010AA670036F95B /* splitRndemo */ = {
			isa = PBXNativeTarget;
			buildConfigurationList = 554174DD2010AA670036F95B /* Build configuration list for PBXNativeTarget "splitRndemo" */;
			buildPhases = (
				361C35B51AC2B8887CCD1B48 /* [CP] Check Pods Manifest.lock */,
				554174C32010AA670036F95B /* Sources */,
				554174C42010AA670036F95B /* Frameworks */,
				554174C52010AA670036F95B /* Resources */,
				34544B843C1743E1C5C51524 /* [CP] Embed Pods Frameworks */,
				F690164AA81FE350BE430DB2 /* [CP] Copy Pods Resources */,
			);
			buildRules = (
			);
			dependencies = (
			);
			name = splitRndemo;
			productName = splitRndemo;
			productReference = 554174C72010AA670036F95B /* splitRndemo.app */;
			productType = "com.apple.product-type.application";
		};
/* End PBXNativeTarget section */

/* Begin PBXProject section */
		554174BF2010AA670036F95B /* Project object */ = {
			isa = PBXProject;
			attributes = {
				LastUpgradeCheck = 0910;
				ORGANIZATIONNAME = dave;
				TargetAttributes = {
					554174C62010AA670036F95B = {
						CreatedOnToolsVersion = 9.1;
						ProvisioningStyle = Automatic;
					};
				};
			};
			buildConfigurationList = 554174C22010AA670036F95B /* Build configuration list for PBXProject "splitRndemo" */;
			compatibilityVersion = "Xcode 8.0";
			developmentRegion = en;
			hasScannedForEncodings = 0;
			knownRegions = (
				en,
				Base,
			);
			mainGroup = 554174BE2010AA670036F95B;
			productRefGroup = 554174C82010AA670036F95B /* Products */;
			projectDirPath = "";
			projectRoot = "";
			targets = (
				554174C62010AA670036F95B /* splitRndemo */,
			);
		};
/* End PBXProject section */

/* Begin PBXResourcesBuildPhase section */
		554174C52010AA670036F95B /* Resources */ = {
			isa = PBXResourcesBuildPhase;
			buildActionMask = 2147483647;
			files = (
				554174D72010AA670036F95B /* LaunchScreen.storyboard in Resources */,
				55F339C62011E53D0054D8BA /* split in Resources */,
				554174D42010AA670036F95B /* Assets.xcassets in Resources */,
				554174D22010AA670036F95B /* Main.storyboard in Resources */,
			);
			runOnlyForDeploymentPostprocessing = 0;
		};
/* End PBXResourcesBuildPhase section */

/* Begin PBXShellScriptBuildPhase section */
		34544B843C1743E1C5C51524 /* [CP] Embed Pods Frameworks */ = {
			isa = PBXShellScriptBuildPhase;
			buildActionMask = 2147483647;
			files = (
			);
			inputPaths = (
				"${SRCROOT}/Pods/Target Support Files/Pods-splitRndemo/Pods-splitRndemo-frameworks.sh",
				"${BUILT_PRODUCTS_DIR}/React/React.framework",
				"${BUILT_PRODUCTS_DIR}/Yoga/yoga.framework",
			);
			name = "[CP] Embed Pods Frameworks";
			outputPaths = (
				"${TARGET_BUILD_DIR}/${FRAMEWORKS_FOLDER_PATH}/React.framework",
				"${TARGET_BUILD_DIR}/${FRAMEWORKS_FOLDER_PATH}/yoga.framework",
			);
			runOnlyForDeploymentPostprocessing = 0;
			shellPath = /bin/sh;
			shellScript = "\"${SRCROOT}/Pods/Target Support Files/Pods-splitRndemo/Pods-splitRndemo-frameworks.sh\"\n";
			showEnvVarsInLog = 0;
		};
		361C35B51AC2B8887CCD1B48 /* [CP] Check Pods Manifest.lock */ = {
			isa = PBXShellScriptBuildPhase;
			buildActionMask = 2147483647;
			files = (
			);
			inputPaths = (
				"${PODS_PODFILE_DIR_PATH}/Podfile.lock",
				"${PODS_ROOT}/Manifest.lock",
			);
			name = "[CP] Check Pods Manifest.lock";
			outputPaths = (
				"$(DERIVED_FILE_DIR)/Pods-splitRndemo-checkManifestLockResult.txt",
			);
			runOnlyForDeploymentPostprocessing = 0;
			shellPath = /bin/sh;
			shellScript = "diff \"${PODS_PODFILE_DIR_PATH}/Podfile.lock\" \"${PODS_ROOT}/Manifest.lock\" > /dev/null\nif [ $? != 0 ] ; then\n    # print error to STDERR\n    echo \"error: The sandbox is not in sync with the Podfile.lock. Run 'pod install' or update your CocoaPods installation.\" >&2\n    exit 1\nfi\n# This output is used by Xcode 'outputs' to avoid re-running this script phase.\necho \"SUCCESS\" > \"${SCRIPT_OUTPUT_FILE_0}\"\n";
			showEnvVarsInLog = 0;
		};
		F690164AA81FE350BE430DB2 /* [CP] Copy Pods Resources */ = {
			isa = PBXShellScriptBuildPhase;
			buildActionMask = 2147483647;
			files = (
			);
			inputPaths = (
			);
			name = "[CP] Copy Pods Resources";
			outputPaths = (
			);
			runOnlyForDeploymentPostprocessing = 0;
			shellPath = /bin/sh;
			shellScript = "\"${SRCROOT}/Pods/Target Support Files/Pods-splitRndemo/Pods-splitRndemo-resources.sh\"\n";
			showEnvVarsInLog = 0;
		};
/* End PBXShellScriptBuildPhase section */

/* Begin PBXSourcesBuildPhase section */
		554174C32010AA670036F95B /* Sources */ = {
			isa = PBXSourcesBuildPhase;
			buildActionMask = 2147483647;
			files = (
				554174CF2010AA670036F95B /* ViewController.m in Sources */,
				554174DA2010AA670036F95B /* main.m in Sources */,
				554174CC2010AA670036F95B /* AppDelegate.m in Sources */,
				554174E62010AAEB0036F95B /* VSReactNativeRootViewController.m in Sources */,
				554174E52010AAEB0036F95B /* VSReactNativeManager.m in Sources */,
			);
			runOnlyForDeploymentPostprocessing = 0;
		};
/* End PBXSourcesBuildPhase section */

/* Begin PBXVariantGroup section */
		554174D02010AA670036F95B /* Main.storyboard */ = {
			isa = PBXVariantGroup;
			children = (
				554174D12010AA670036F95B /* Base */,
			);
			name = Main.storyboard;
			sourceTree = "<group>";
		};
		554174D52010AA670036F95B /* LaunchScreen.storyboard */ = {
			isa = PBXVariantGroup;
			children = (
				554174D62010AA670036F95B /* Base */,
			);
			name = LaunchScreen.storyboard;
			sourceTree = "<group>";
		};
/* End PBXVariantGroup section */

/* Begin XCBuildConfiguration section */
		554174DB2010AA670036F95B /* Debug */ = {
			isa = XCBuildConfiguration;
			buildSettings = {
				ALWAYS_SEARCH_USER_PATHS = NO;
				CLANG_ANALYZER_NONNULL = YES;
				CLANG_ANALYZER_NUMBER_OBJECT_CONVERSION = YES_AGGRESSIVE;
				CLANG_CXX_LANGUAGE_STANDARD = "gnu++14";
				CLANG_CXX_LIBRARY = "libc++";
				CLANG_ENABLE_MODULES = YES;
				CLANG_ENABLE_OBJC_ARC = YES;
				CLANG_WARN_BLOCK_CAPTURE_AUTORELEASING = YES;
				CLANG_WARN_BOOL_CONVERSION = YES;
				CLANG_WARN_COMMA = YES;
				CLANG_WARN_CONSTANT_CONVERSION = YES;
				CLANG_WARN_DIRECT_OBJC_ISA_USAGE = YES_ERROR;
				CLANG_WARN_DOCUMENTATION_COMMENTS = YES;
				CLANG_WARN_EMPTY_BODY = YES;
				CLANG_WARN_ENUM_CONVERSION = YES;
				CLANG_WARN_INFINITE_RECURSION = YES;
				CLANG_WARN_INT_CONVERSION = YES;
				CLANG_WARN_NON_LITERAL_NULL_CONVERSION = YES;
				CLANG_WARN_OBJC_LITERAL_CONVERSION = YES;
				CLANG_WARN_OBJC_ROOT_CLASS = YES_ERROR;
				CLANG_WARN_RANGE_LOOP_ANALYSIS = YES;
				CLANG_WARN_STRICT_PROTOTYPES = YES;
				CLANG_WARN_SUSPICIOUS_MOVE = YES;
				CLANG_WARN_UNGUARDED_AVAILABILITY = YES_AGGRESSIVE;
				CLANG_WARN_UNREACHABLE_CODE = YES;
				CLANG_WARN__DUPLICATE_METHOD_MATCH = YES;
				CODE_SIGN_IDENTITY = "iPhone Developer";
				COPY_PHASE_STRIP = NO;
				DEBUG_INFORMATION_FORMAT = dwarf;
				ENABLE_STRICT_OBJC_MSGSEND = YES;
				ENABLE_TESTABILITY = YES;
				GCC_C_LANGUAGE_STANDARD = gnu11;
				GCC_DYNAMIC_NO_PIC = NO;
				GCC_NO_COMMON_BLOCKS = YES;
				GCC_OPTIMIZATION_LEVEL = 0;
				GCC_PREPROCESSOR_DEFINITIONS = (
					"DEBUG=1",
					"$(inherited)",
				);
				GCC_WARN_64_TO_32_BIT_CONVERSION = YES;
				GCC_WARN_ABOUT_RETURN_TYPE = YES_ERROR;
				GCC_WARN_UNDECLARED_SELECTOR = YES;
				GCC_WARN_UNINITIALIZED_AUTOS = YES_AGGRESSIVE;
				GCC_WARN_UNUSED_FUNCTION = YES;
				GCC_WARN_UNUSED_VARIABLE = YES;
				IPHONEOS_DEPLOYMENT_TARGET = 11.1;
				MTL_ENABLE_DEBUG_INFO = YES;
				ONLY_ACTIVE_ARCH = YES;
				SDKROOT = iphoneos;
			};
			name = Debug;
		};
		554174DC2010AA670036F95B /* Release */ = {
			isa = XCBuildConfiguration;
			buildSettings = {
				ALWAYS_SEARCH_USER_PATHS = NO;
				CLANG_ANALYZER_NONNULL = YES;
				CLANG_ANALYZER_NUMBER_OBJECT_CONVERSION = YES_AGGRESSIVE;
				CLANG_CXX_LANGUAGE_STANDARD = "gnu++14";
				CLANG_CXX_LIBRARY = "libc++";
				CLANG_ENABLE_MODULES = YES;
				CLANG_ENABLE_OBJC_ARC = YES;
				CLANG_WARN_BLOCK_CAPTURE_AUTORELEASING = YES;
				CLANG_WARN_BOOL_CONVERSION = YES;
				CLANG_WARN_COMMA = YES;
				CLANG_WARN_CONSTANT_CONVERSION = YES;
				CLANG_WARN_DIRECT_OBJC_ISA_USAGE = YES_ERROR;
				CLANG_WARN_DOCUMENTATION_COMMENTS = YES;
				CLANG_WARN_EMPTY_BODY = YES;
				CLANG_WARN_ENUM_CONVERSION = YES;
				CLANG_WARN_INFINITE_RECURSION = YES;
				CLANG_WARN_INT_CONVERSION = YES;
				CLANG_WARN_NON_LITERAL_NULL_CONVERSION = YES;
				CLANG_WARN_OBJC_LITERAL_CONVERSION = YES;
				CLANG_WARN_OBJC_ROOT_CLASS = YES_ERROR;
				CLANG_WARN_RANGE_LOOP_ANALYSIS = YES;
				CLANG_WARN_STRICT_PROTOTYPES = YES;
				CLANG_WARN_SUSPICIOUS_MOVE = YES;
				CLANG_WARN_UNGUARDED_AVAILABILITY = YES_AGGRESSIVE;
				CLANG_WARN_UNREACHABLE_CODE = YES;
				CLANG_WARN__DUPLICATE_METHOD_MATCH = YES;
				CODE_SIGN_IDENTITY = "iPhone Developer";
				COPY_PHASE_STRIP = NO;
				DEBUG_INFORMATION_FORMAT = "dwarf-with-dsym";
				ENABLE_NS_ASSERTIONS = NO;
				ENABLE_STRICT_OBJC_MSGSEND = YES;
				GCC_C_LANGUAGE_STANDARD = gnu11;
				GCC_NO_COMMON_BLOCKS = YES;
				GCC_WARN_64_TO_32_BIT_CONVERSION = YES;
				GCC_WARN_ABOUT_RETURN_TYPE = YES_ERROR;
				GCC_WARN_UNDECLARED_SELECTOR = YES;
				GCC_WARN_UNINITIALIZED_AUTOS = YES_AGGRESSIVE;
				GCC_WARN_UNUSED_FUNCTION = YES;
				GCC_WARN_UNUSED_VARIABLE = YES;
				IPHONEOS_DEPLOYMENT_TARGET = 11.1;
				MTL_ENABLE_DEBUG_INFO = NO;
				SDKROOT = iphoneos;
				VALIDATE_PRODUCT = YES;
			};
			name = Release;
		};
		554174DE2010AA670036F95B /* Debug */ = {
			isa = XCBuildConfiguration;
			baseConfigurationReference = 28706512EBAA37D3E333BE50 /* Pods-splitRndemo.debug.xcconfig */;
			buildSettings = {
				ASSETCATALOG_COMPILER_APPICON_NAME = AppIcon;
				CODE_SIGN_STYLE = Automatic;
				DEVELOPMENT_TEAM = J8SYU5KKPJ;
				INFOPLIST_FILE = splitRndemo/Info.plist;
				LD_RUNPATH_SEARCH_PATHS = "$(inherited) @executable_path/Frameworks";
				PRODUCT_BUNDLE_IDENTIFIER = com.vivi.splitRndemo;
				PRODUCT_NAME = "$(TARGET_NAME)";
				TARGETED_DEVICE_FAMILY = "1,2";
			};
			name = Debug;
		};
		554174DF2010AA670036F95B /* Release */ = {
			isa = XCBuildConfiguration;
			baseConfigurationReference = D0260D2DBCAD14B388CF8CF4 /* Pods-splitRndemo.release.xcconfig */;
			buildSettings = {
				ASSETCATALOG_COMPILER_APPICON_NAME = AppIcon;
				CODE_SIGN_STYLE = Automatic;
				DEVELOPMENT_TEAM = J8SYU5KKPJ;
				INFOPLIST_FILE = splitRndemo/Info.plist;
				LD_RUNPATH_SEARCH_PATHS = "$(inherited) @executable_path/Frameworks";
				PRODUCT_BUNDLE_IDENTIFIER = com.vivi.splitRndemo;
				PRODUCT_NAME = "$(TARGET_NAME)";
				TARGETED_DEVICE_FAMILY = "1,2";
			};
			name = Release;
		};
/* End XCBuildConfiguration section */

/* Begin XCConfigurationList section */
		554174C22010AA670036F95B /* Build configuration list for PBXProject "splitRndemo" */ = {
			isa = XCConfigurationList;
			buildConfigurations = (
				554174DB2010AA670036F95B /* Debug */,
				554174DC2010AA670036F95B /* Release */,
			);
			defaultConfigurationIsVisible = 0;
			defaultConfigurationName = Release;
		};
		554174DD2010AA670036F95B /* Build configuration list for PBXNativeTarget "splitRndemo" */ = {
			isa = XCConfigurationList;
			buildConfigurations = (
				554174DE2010AA670036F95B /* Debug */,
				554174DF2010AA670036F95B /* Release */,
			);
			defaultConfigurationIsVisible = 0;
			defaultConfigurationName = Release;
		};
/* End XCConfigurationList section */
	};
	rootObject = 554174BF2010AA670036F95B /* Project object */;
}
